
Microsoft Visual Studio Solution File, Format Version 12.00
# Visual Studio Version 16
VisualStudioVersion = 16.0.31205.134
MinimumVisualStudioVersion = 10.0.40219.1
Project("{FAE04EC0-301F-11D3-BF4B-00C04F79EFBC}") = "ServerSide", "ServerSide.csproj", "{013A16B2-166C-4491-B3EB-1EEF5E7D3037}"
EndProject
Global
	GlobalSection(SolutionConfigurationPlatforms) = preSolution
		Debug|Any CPU = Debug|Any CPU
		Release|Any CPU = Release|Any CPU
	EndGlobalSection
	GlobalSection(ProjectConfigurationPlatforms) = postSolution
		{013A16B2-166C-4491-B3EB-1EEF5E7D3037}.Debug|Any CPU.ActiveCfg = Debug|Any CPU
		{013A16B2-166C-4491-B3EB-1EEF5E7D3037}.Debug|Any CPU.Build.0 = Debug|Any CPU
		{013A16B2-166C-4491-B3EB-1EEF5E7D3037}.Release|Any CPU.ActiveCfg = Release|Any CPU
		{013A16B2-166C-4491-B3EB-1EEF5E7D3037}.Release|Any CPU.Build.0 = Release|Any CPU
	EndGlobalSection
	GlobalSection(SolutionProperties) = preSolution
		HideSolutionNode = FALSE
	EndGlobalSection
	GlobalSection(ExtensibilityGlobals) = postSolution
		SolutionGuid = {1417ABBF-D7B0-478A-9E6F-BFACDC787FB6}
	EndGlobalSection
EndGlobal
